
Microsoft Visual Studio Solution File, Format Version 12.00
# Visual Studio Version 16
VisualStudioVersion = 16.0.31105.61
MinimumVisualStudioVersion = 10.0.40219.1
Project("{FAE04EC0-301F-11D3-BF4B-00C04F79EFBC}") = "GrandPrix", "GrandPrix\GrandPrix.csproj", "{DFE19B07-14FC-4A81-82F4-E23DE5AE411A}"
EndProject
Global
	GlobalSection(SolutionConfigurationPlatforms) = preSolution
		Debug|Any CPU = Debug|Any CPU
		Release|Any CPU = Release|Any CPU
	EndGlobalSection
	GlobalSection(ProjectConfigurationPlatforms) = postSolution
		{DFE19B07-14FC-4A81-82F4-E23DE5AE411A}.Debug|Any CPU.ActiveCfg = Debug|Any CPU
		{DFE19B07-14FC-4A81-82F4-E23DE5AE411A}.Debug|Any CPU.Build.0 = Debug|Any CPU
		{DFE19B07-14FC-4A81-82F4-E23DE5AE411A}.Release|Any CPU.ActiveCfg = Release|Any CPU
		{DFE19B07-14FC-4A81-82F4-E23DE5AE411A}.Release|Any CPU.Build.0 = Release|Any CPU
	EndGlobalSection
	GlobalSection(SolutionProperties) = preSolution
		HideSolutionNode = FALSE
	EndGlobalSection
	GlobalSection(ExtensibilityGlobals) = postSolution
		SolutionGuid = {B2621190-18BB-4803-B4AA-AD02DCDC42F9}
	EndGlobalSection
EndGlobal
